// !$*UTF8*$!
{
	archiveVersion = 1;
	classes = {
	};
	objectVersion = 55;
	objects = {

/* Begin PBXBuildFile section */
		3222B79427CE97E600BD000F /* AppDelegate.swift in Sources */ = {isa = PBXBuildFile; fileRef = 3222B79327CE97E600BD000F /* AppDelegate.swift */; };
		3222B79627CE97E600BD000F /* SceneDelegate.swift in Sources */ = {isa = PBXBuildFile; fileRef = 3222B79527CE97E600BD000F /* SceneDelegate.swift */; };
		3222B79B27CE97E600BD000F /* Main.storyboard in Resources */ = {isa = PBXBuildFile; fileRef = 3222B79927CE97E600BD000F /* Main.storyboard */; };
		3222B79D27CE97E900BD000F /* Assets.xcassets in Resources */ = {isa = PBXBuildFile; fileRef = 3222B79C27CE97E900BD000F /* Assets.xcassets */; };
		3222B7A027CE97E900BD000F /* LaunchScreen.storyboard in Resources */ = {isa = PBXBuildFile; fileRef = 3222B79E27CE97E900BD000F /* LaunchScreen.storyboard */; };
		3222B7AA27CE981B00BD000F /* CloudKit.framework in Frameworks */ = {isa = PBXBuildFile; fileRef = 3222B7A927CE981B00BD000F /* CloudKit.framework */; };
		3222B7AE27CE98B200BD000F /* Hype.swift in Sources */ = {isa = PBXBuildFile; fileRef = 3222B7AD27CE98B200BD000F /* Hype.swift */; };
		3222B7B127CE98D300BD000F /* HypeController.swift in Sources */ = {isa = PBXBuildFile; fileRef = 3222B7B027CE98D300BD000F /* HypeController.swift */; };
		3222B7B627CE992700BD000F /* HypeListViewController.swift in Sources */ = {isa = PBXBuildFile; fileRef = 3222B7B527CE992700BD000F /* HypeListViewController.swift */; };
		3222B7B927CE9A5B00BD000F /* DateFormatter.swift in Sources */ = {isa = PBXBuildFile; fileRef = 3222B7B827CE9A5B00BD000F /* DateFormatter.swift */; };
/* End PBXBuildFile section */

/* Begin PBXFileReference section */
		3222B79027CE97E600BD000F /* Hype2.0.app */ = {isa = PBXFileReference; explicitFileType = wrapper.application; includeInIndex = 0; path = Hype2.0.app; sourceTree = BUILT_PRODUCTS_DIR; };
		3222B79327CE97E600BD000F /* AppDelegate.swift */ = {isa = PBXFileReference; lastKnownFileType = sourcecode.swift; path = AppDelegate.swift; sourceTree = "<group>"; };
		3222B79527CE97E600BD000F /* SceneDelegate.swift */ = {isa = PBXFileReference; lastKnownFileType = sourcecode.swift; path = SceneDelegate.swift; sourceTree = "<group>"; };
		3222B79A27CE97E600BD000F /* Base */ = {isa = PBXFileReference; lastKnownFileType = file.storyboard; name = Base; path = Base.lproj/Main.storyboard; sourceTree = "<group>"; };
		3222B79C27CE97E900BD000F /* Assets.xcassets */ = {isa = PBXFileReference; lastKnownFileType = folder.assetcatalog; path = Assets.xcassets; sourceTree = "<group>"; };
		3222B79F27CE97E900BD000F /* Base */ = {isa = PBXFileReference; lastKnownFileType = file.storyboard; name = Base; path = Base.lproj/LaunchScreen.storyboard; sourceTree = "<group>"; };
		3222B7A127CE97E900BD000F /* Info.plist */ = {isa = PBXFileReference; lastKnownFileType = text.plist.xml; path = Info.plist; sourceTree = "<group>"; };
		3222B7A727CE97FF00BD000F /* Hype2.0.entitlements */ = {isa = PBXFileReference; lastKnownFileType = text.plist.entitlements; path = Hype2.0.entitlements; sourceTree = "<group>"; };
		3222B7A927CE981B00BD000F /* CloudKit.framework */ = {isa = PBXFileReference; lastKnownFileType = wrapper.framework; name = CloudKit.framework; path = System/Library/Frameworks/CloudKit.framework; sourceTree = SDKROOT; };
		3222B7AD27CE98B200BD000F /* Hype.swift */ = {isa = PBXFileReference; lastKnownFileType = sourcecode.swift; path = Hype.swift; sourceTree = "<group>"; };
		3222B7B027CE98D300BD000F /* HypeController.swift */ = {isa = PBXFileReference; lastKnownFileType = sourcecode.swift; path = HypeController.swift; sourceTree = "<group>"; };
		3222B7B527CE992700BD000F /* HypeListViewController.swift */ = {isa = PBXFileReference; lastKnownFileType = sourcecode.swift; path = HypeListViewController.swift; sourceTree = "<group>"; };
		3222B7B827CE9A5B00BD000F /* DateFormatter.swift */ = {isa = PBXFileReference; lastKnownFileType = sourcecode.swift; path = DateFormatter.swift; sourceTree = "<group>"; };
/* End PBXFileReference section */

/* Begin PBXFrameworksBuildPhase section */
		3222B78D27CE97E600BD000F /* Frameworks */ = {
			isa = PBXFrameworksBuildPhase;
			buildActionMask = 2147483647;
			files = (
				3222B7AA27CE981B00BD000F /* CloudKit.framework in Frameworks */,
			);
			runOnlyForDeploymentPostprocessing = 0;
		};
/* End PBXFrameworksBuildPhase section */

/* Begin PBXGroup section */
		3222B78727CE97E600BD000F = {
			isa = PBXGroup;
			children = (
				3222B79227CE97E600BD000F /* Hype2.0 */,
				3222B79127CE97E600BD000F /* Products */,
				3222B7A827CE981B00BD000F /* Frameworks */,
			);
			sourceTree = "<group>";
		};
		3222B79127CE97E600BD000F /* Products */ = {
			isa = PBXGroup;
			children = (
				3222B79027CE97E600BD000F /* Hype2.0.app */,
			);
			name = Products;
			sourceTree = "<group>";
		};
		3222B79227CE97E600BD000F /* Hype2.0 */ = {
			isa = PBXGroup;
			children = (
				3222B7A727CE97FF00BD000F /* Hype2.0.entitlements */,
				3222B7AF27CE98B600BD000F /* Model */,
				3222B7B227CE98D700BD000F /* Controllers */,
				3222B7AC27CE988800BD000F /* Storyboards */,
				3222B7B727CE9A4E00BD000F /* Helpers+Extensions */,
				3222B7AB27CE987B00BD000F /* Resources */,
			);
			path = Hype2.0;
			sourceTree = "<group>";
		};
		3222B7A827CE981B00BD000F /* Frameworks */ = {
			isa = PBXGroup;
			children = (
				3222B7A927CE981B00BD000F /* CloudKit.framework */,
			);
			name = Frameworks;
			sourceTree = "<group>";
		};
		3222B7AB27CE987B00BD000F /* Resources */ = {
			isa = PBXGroup;
			children = (
				3222B79327CE97E600BD000F /* AppDelegate.swift */,
				3222B79527CE97E600BD000F /* SceneDelegate.swift */,
				3222B79C27CE97E900BD000F /* Assets.xcassets */,
				3222B7A127CE97E900BD000F /* Info.plist */,
			);
			path = Resources;
			sourceTree = "<group>";
		};
		3222B7AC27CE988800BD000F /* Storyboards */ = {
			isa = PBXGroup;
			children = (
				3222B79927CE97E600BD000F /* Main.storyboard */,
				3222B79E27CE97E900BD000F /* LaunchScreen.storyboard */,
			);
			path = Storyboards;
			sourceTree = "<group>";
		};
		3222B7AF27CE98B600BD000F /* Model */ = {
			isa = PBXGroup;
			children = (
				3222B7AD27CE98B200BD000F /* Hype.swift */,
			);
			path = Model;
			sourceTree = "<group>";
		};
		3222B7B227CE98D700BD000F /* Controllers */ = {
			isa = PBXGroup;
			children = (
				3222B7B327CE98EC00BD000F /* ModelController */,
				3222B7B427CE98FA00BD000F /* ViewControllers */,
			);
			path = Controllers;
			sourceTree = "<group>";
		};
		3222B7B327CE98EC00BD000F /* ModelController */ = {
			isa = PBXGroup;
			children = (
				3222B7B027CE98D300BD000F /* HypeController.swift */,
			);
			path = ModelController;
			sourceTree = "<group>";
		};
		3222B7B427CE98FA00BD000F /* ViewControllers */ = {
			isa = PBXGroup;
			children = (
				3222B7B527CE992700BD000F /* HypeListViewController.swift */,
			);
			path = ViewControllers;
			sourceTree = "<group>";
		};
		3222B7B727CE9A4E00BD000F /* Helpers+Extensions */ = {
			isa = PBXGroup;
			children = (
				3222B7B827CE9A5B00BD000F /* DateFormatter.swift */,
			);
			path = "Helpers+Extensions";
			sourceTree = "<group>";
		};
/* End PBXGroup section */

/* Begin PBXNativeTarget section */
		3222B78F27CE97E600BD000F /* Hype2.0 */ = {
			isa = PBXNativeTarget;
			buildConfigurationList = 3222B7A427CE97E900BD000F /* Build configuration list for PBXNativeTarget "Hype2.0" */;
			buildPhases = (
				3222B78C27CE97E600BD000F /* Sources */,
				3222B78D27CE97E600BD000F /* Frameworks */,
				3222B78E27CE97E600BD000F /* Resources */,
			);
			buildRules = (
			);
			dependencies = (
			);
			name = Hype2.0;
			productName = Hype2.0;
			productReference = 3222B79027CE97E600BD000F /* Hype2.0.app */;
			productType = "com.apple.product-type.application";
		};
/* End PBXNativeTarget section */

/* Begin PBXProject section */
		3222B78827CE97E600BD000F /* Project object */ = {
			isa = PBXProject;
			attributes = {
				BuildIndependentTargetsInParallel = 1;
				LastSwiftUpdateCheck = 1300;
				LastUpgradeCheck = 1300;
				TargetAttributes = {
					3222B78F27CE97E600BD000F = {
						CreatedOnToolsVersion = 13.0;
					};
				};
			};
			buildConfigurationList = 3222B78B27CE97E600BD000F /* Build configuration list for PBXProject "Hype2.0" */;
			compatibilityVersion = "Xcode 13.0";
			developmentRegion = en;
			hasScannedForEncodings = 0;
			knownRegions = (
				en,
				Base,
			);
			mainGroup = 3222B78727CE97E600BD000F;
			productRefGroup = 3222B79127CE97E600BD000F /* Products */;
			projectDirPath = "";
			projectRoot = "";
			targets = (
				3222B78F27CE97E600BD000F /* Hype2.0 */,
			);
		};
/* End PBXProject section */

/* Begin PBXResourcesBuildPhase section */
		3222B78E27CE97E600BD000F /* Resources */ = {
			isa = PBXResourcesBuildPhase;
			buildActionMask = 2147483647;
			files = (
				3222B7A027CE97E900BD000F /* LaunchScreen.storyboard in Resources */,
				3222B79D27CE97E900BD000F /* Assets.xcassets in Resources */,
				3222B79B27CE97E600BD000F /* Main.storyboard in Resources */,
			);
			runOnlyForDeploymentPostprocessing = 0;
		};
/* End PBXResourcesBuildPhase section */

/* Begin PBXSourcesBuildPhase section */
		3222B78C27CE97E600BD000F /* Sources */ = {
			isa = PBXSourcesBuildPhase;
			buildActionMask = 2147483647;
			files = (
				3222B7B927CE9A5B00BD000F /* DateFormatter.swift in Sources */,
				3222B79427CE97E600BD000F /* AppDelegate.swift in Sources */,
				3222B7B127CE98D300BD000F /* HypeController.swift in Sources */,
				3222B7B627CE992700BD000F /* HypeListViewController.swift in Sources */,
				3222B79627CE97E600BD000F /* SceneDelegate.swift in Sources */,
				3222B7AE27CE98B200BD000F /* Hype.swift in Sources */,
			);
			runOnlyForDeploymentPostprocessing = 0;
		};
/* End PBXSourcesBuildPhase section */

/* Begin PBXVariantGroup section */
		3222B79927CE97E600BD000F /* Main.storyboard */ = {
			isa = PBXVariantGroup;
			children = (
				3222B79A27CE97E600BD000F /* Base */,
			);
			name = Main.storyboard;
			sourceTree = "<group>";
		};
		3222B79E27CE97E900BD000F /* LaunchScreen.storyboard */ = {
			isa = PBXVariantGroup;
			children = (
				3222B79F27CE97E900BD000F /* Base */,
			);
			name = LaunchScreen.storyboard;
			sourceTree = "<group>";
		};
/* End PBXVariantGroup section */

/* Begin XCBuildConfiguration section */
		3222B7A227CE97E900BD000F /* Debug */ = {
			isa = XCBuildConfiguration;
			buildSettings = {
				ALWAYS_SEARCH_USER_PATHS = NO;
				CLANG_ANALYZER_NONNULL = YES;
				CLANG_ANALYZER_NUMBER_OBJECT_CONVERSION = YES_AGGRESSIVE;
				CLANG_CXX_LANGUAGE_STANDARD = "gnu++17";
				CLANG_CXX_LIBRARY = "libc++";
				CLANG_ENABLE_MODULES = YES;
				CLANG_ENABLE_OBJC_ARC = YES;
				CLANG_ENABLE_OBJC_WEAK = YES;
				CLANG_WARN_BLOCK_CAPTURE_AUTORELEASING = YES;
				CLANG_WARN_BOOL_CONVERSION = YES;
				CLANG_WARN_COMMA = YES;
				CLANG_WARN_CONSTANT_CONVERSION = YES;
				CLANG_WARN_DEPRECATED_OBJC_IMPLEMENTATIONS = YES;
				CLANG_WARN_DIRECT_OBJC_ISA_USAGE = YES_ERROR;
				CLANG_WARN_DOCUMENTATION_COMMENTS = YES;
				CLANG_WARN_EMPTY_BODY = YES;
				CLANG_WARN_ENUM_CONVERSION = YES;
				CLANG_WARN_INFINITE_RECURSION = YES;
				CLANG_WARN_INT_CONVERSION = YES;
				CLANG_WARN_NON_LITERAL_NULL_CONVERSION = YES;
				CLANG_WARN_OBJC_IMPLICIT_RETAIN_SELF = YES;
				CLANG_WARN_OBJC_LITERAL_CONVERSION = YES;
				CLANG_WARN_OBJC_ROOT_CLASS = YES_ERROR;
				CLANG_WARN_QUOTED_INCLUDE_IN_FRAMEWORK_HEADER = YES;
				CLANG_WARN_RANGE_LOOP_ANALYSIS = YES;
				CLANG_WARN_STRICT_PROTOTYPES = YES;
				CLANG_WARN_SUSPICIOUS_MOVE = YES;
				CLANG_WARN_UNGUARDED_AVAILABILITY = YES_AGGRESSIVE;
				CLANG_WARN_UNREACHABLE_CODE = YES;
				CLANG_WARN__DUPLICATE_METHOD_MATCH = YES;
				COPY_PHASE_STRIP = NO;
				DEBUG_INFORMATION_FORMAT = dwarf;
				ENABLE_STRICT_OBJC_MSGSEND = YES;
				ENABLE_TESTABILITY = YES;
				GCC_C_LANGUAGE_STANDARD = gnu11;
				GCC_DYNAMIC_NO_PIC = NO;
				GCC_NO_COMMON_BLOCKS = YES;
				GCC_OPTIMIZATION_LEVEL = 0;
				GCC_PREPROCESSOR_DEFINITIONS = (
					"DEBUG=1",
					"$(inherited)",
				);
				GCC_WARN_64_TO_32_BIT_CONVERSION = YES;
				GCC_WARN_ABOUT_RETURN_TYPE = YES_ERROR;
				GCC_WARN_UNDECLARED_SELECTOR = YES;
				GCC_WARN_UNINITIALIZED_AUTOS = YES_AGGRESSIVE;
				GCC_WARN_UNUSED_FUNCTION = YES;
				GCC_WARN_UNUSED_VARIABLE = YES;
				IPHONEOS_DEPLOYMENT_TARGET = 15.0;
				MTL_ENABLE_DEBUG_INFO = INCLUDE_SOURCE;
				MTL_FAST_MATH = YES;
				ONLY_ACTIVE_ARCH = YES;
				SDKROOT = iphoneos;
				SWIFT_ACTIVE_COMPILATION_CONDITIONS = DEBUG;
				SWIFT_OPTIMIZATION_LEVEL = "-Onone";
			};
			name = Debug;
		};
		3222B7A327CE97E900BD000F /* Release */ = {
			isa = XCBuildConfiguration;
			buildSettings = {
				ALWAYS_SEARCH_USER_PATHS = NO;
				CLANG_ANALYZER_NONNULL = YES;
				CLANG_ANALYZER_NUMBER_OBJECT_CONVERSION = YES_AGGRESSIVE;
				CLANG_CXX_LANGUAGE_STANDARD = "gnu++17";
				CLANG_CXX_LIBRARY = "libc++";
				CLANG_ENABLE_MODULES = YES;
				CLANG_ENABLE_OBJC_ARC = YES;
				CLANG_ENABLE_OBJC_WEAK = YES;
				CLANG_WARN_BLOCK_CAPTURE_AUTORELEASING = YES;
				CLANG_WARN_BOOL_CONVERSION = YES;
				CLANG_WARN_COMMA = YES;
				CLANG_WARN_CONSTANT_CONVERSION = YES;
				CLANG_WARN_DEPRECATED_OBJC_IMPLEMENTATIONS = YES;
				CLANG_WARN_DIRECT_OBJC_ISA_USAGE = YES_ERROR;
				CLANG_WARN_DOCUMENTATION_COMMENTS = YES;
				CLANG_WARN_EMPTY_BODY = YES;
				CLANG_WARN_ENUM_CONVERSION = YES;
				CLANG_WARN_INFINITE_RECURSION = YES;
				CLANG_WARN_INT_CONVERSION = YES;
				CLANG_WARN_NON_LITERAL_NULL_CONVERSION = YES;
				CLANG_WARN_OBJC_IMPLICIT_RETAIN_SELF = YES;
				CLANG_WARN_OBJC_LITERAL_CONVERSION = YES;
				CLANG_WARN_OBJC_ROOT_CLASS = YES_ERROR;
				CLANG_WARN_QUOTED_INCLUDE_IN_FRAMEWORK_HEADER = YES;
				CLANG_WARN_RANGE_LOOP_ANALYSIS = YES;
				CLANG_WARN_STRICT_PROTOTYPES = YES;
				CLANG_WARN_SUSPICIOUS_MOVE = YES;
				CLANG_WARN_UNGUARDED_AVAILABILITY = YES_AGGRESSIVE;
				CLANG_WARN_UNREACHABLE_CODE = YES;
				CLANG_WARN__DUPLICATE_METHOD_MATCH = YES;
				COPY_PHASE_STRIP = NO;
				DEBUG_INFORMATION_FORMAT = "dwarf-with-dsym";
				ENABLE_NS_ASSERTIONS = NO;
				ENABLE_STRICT_OBJC_MSGSEND = YES;
				GCC_C_LANGUAGE_STANDARD = gnu11;
				GCC_NO_COMMON_BLOCKS = YES;
				GCC_WARN_64_TO_32_BIT_CONVERSION = YES;
				GCC_WARN_ABOUT_RETURN_TYPE = YES_ERROR;
				GCC_WARN_UNDECLARED_SELECTOR = YES;
				GCC_WARN_UNINITIALIZED_AUTOS = YES_AGGRESSIVE;
				GCC_WARN_UNUSED_FUNCTION = YES;
				GCC_WARN_UNUSED_VARIABLE = YES;
				IPHONEOS_DEPLOYMENT_TARGET = 15.0;
				MTL_ENABLE_DEBUG_INFO = NO;
				MTL_FAST_MATH = YES;
				SDKROOT = iphoneos;
				SWIFT_COMPILATION_MODE = wholemodule;
				SWIFT_OPTIMIZATION_LEVEL = "-O";
				VALIDATE_PRODUCT = YES;
			};
			name = Release;
		};
		3222B7A527CE97E900BD000F /* Debug */ = {
			isa = XCBuildConfiguration;
			buildSettings = {
				ASSETCATALOG_COMPILER_APPICON_NAME = AppIcon;
				ASSETCATALOG_COMPILER_GLOBAL_ACCENT_COLOR_NAME = AccentColor;
				CODE_SIGN_ENTITLEMENTS = Hype2.0/Hype2.0.entitlements;
				CODE_SIGN_STYLE = Automatic;
				CURRENT_PROJECT_VERSION = 1;
				DEVELOPMENT_TEAM = 7268W7R8AK;
				GENERATE_INFOPLIST_FILE = YES;
				INFOPLIST_FILE = Hype2.0/Resources/Info.plist;
				INFOPLIST_KEY_UIApplicationSupportsIndirectInputEvents = YES;
				INFOPLIST_KEY_UILaunchStoryboardName = LaunchScreen;
				INFOPLIST_KEY_UIMainStoryboardFile = Main;
				INFOPLIST_KEY_UISupportedInterfaceOrientations_iPad = "UIInterfaceOrientationPortrait UIInterfaceOrientationPortraitUpsideDown UIInterfaceOrientationLandscapeLeft UIInterfaceOrientationLandscapeRight";
				INFOPLIST_KEY_UISupportedInterfaceOrientations_iPhone = "UIInterfaceOrientationPortrait UIInterfaceOrientationLandscapeLeft UIInterfaceOrientationLandscapeRight";
				LD_RUNPATH_SEARCH_PATHS = (
					"$(inherited)",
					"@executable_path/Frameworks",
				);
				MARKETING_VERSION = 1.0;
				PRODUCT_BUNDLE_IDENTIFIER = com.emilyasch.hypetwo;
				PRODUCT_NAME = "$(TARGET_NAME)";
				SWIFT_EMIT_LOC_STRINGS = YES;
				SWIFT_VERSION = 5.0;
				TARGETED_DEVICE_FAMILY = "1,2";
			};
			name = Debug;
		};
		3222B7A627CE97E900BD000F /* Release */ = {
			isa = XCBuildConfiguration;
			buildSettings = {
				ASSETCATALOG_COMPILER_APPICON_NAME = AppIcon;
				ASSETCATALOG_COMPILER_GLOBAL_ACCENT_COLOR_NAME = AccentColor;
				CODE_SIGN_ENTITLEMENTS = Hype2.0/Hype2.0.entitlements;
				CODE_SIGN_STYLE = Automatic;
				CURRENT_PROJECT_VERSION = 1;
				DEVELOPMENT_TEAM = 7268W7R8AK;
				GENERATE_INFOPLIST_FILE = YES;
				INFOPLIST_FILE = Hype2.0/Resources/Info.plist;
				INFOPLIST_KEY_UIApplicationSupportsIndirectInputEvents = YES;
				INFOPLIST_KEY_UILaunchStoryboardName = LaunchScreen;
				INFOPLIST_KEY_UIMainStoryboardFile = Main;
				INFOPLIST_KEY_UISupportedInterfaceOrientations_iPad = "UIInterfaceOrientationPortrait UIInterfaceOrientationPortraitUpsideDown UIInterfaceOrientationLandscapeLeft UIInterfaceOrientationLandscapeRight";
				INFOPLIST_KEY_UISupportedInterfaceOrientations_iPhone = "UIInterfaceOrientationPortrait UIInterfaceOrientationLandscapeLeft UIInterfaceOrientationLandscapeRight";
				LD_RUNPATH_SEARCH_PATHS = (
					"$(inherited)",
					"@executable_path/Frameworks",
				);
				MARKETING_VERSION = 1.0;
				PRODUCT_BUNDLE_IDENTIFIER = com.emilyasch.hypetwo;
				PRODUCT_NAME = "$(TARGET_NAME)";
				SWIFT_EMIT_LOC_STRINGS = YES;
				SWIFT_VERSION = 5.0;
				TARGETED_DEVICE_FAMILY = "1,2";
			};
			name = Release;
		};
/* End XCBuildConfiguration section */

/* Begin XCConfigurationList section */
		3222B78B27CE97E600BD000F /* Build configuration list for PBXProject "Hype2.0" */ = {
			isa = XCConfigurationList;
			buildConfigurations = (
				3222B7A227CE97E900BD000F /* Debug */,
				3222B7A327CE97E900BD000F /* Release */,
			);
			defaultConfigurationIsVisible = 0;
			defaultConfigurationName = Release;
		};
		3222B7A427CE97E900BD000F /* Build configuration list for PBXNativeTarget "Hype2.0" */ = {
			isa = XCConfigurationList;
			buildConfigurations = (
				3222B7A527CE97E900BD000F /* Debug */,
				3222B7A627CE97E900BD000F /* Release */,
			);
			defaultConfigurationIsVisible = 0;
			defaultConfigurationName = Release;
		};
/* End XCConfigurationList section */
	};
	rootObject = 3222B78827CE97E600BD000F /* Project object */;
}
